
Microsoft Visual Studio Solution File, Format Version 12.00
# Visual Studio Version 17
VisualStudioVersion = 17.14.36414.22 d17.14
MinimumVisualStudioVersion = 10.0.40219.1
Project("{FAE04EC0-301F-11D3-BF4B-00C04F79EFBC}") = "GoSportsAPI", "GoSportsAPI\GoSportsAPI.csproj", "{D6C9EC43-922C-423C-8F1E-31D9B04AA3FB}"
EndProject
Global
	GlobalSection(SolutionConfigurationPlatforms) = preSolution
		Debug|Any CPU = Debug|Any CPU
		Release|Any CPU = Release|Any CPU
	EndGlobalSection
	GlobalSection(ProjectConfigurationPlatforms) = postSolution
		{D6C9EC43-922C-423C-8F1E-31D9B04AA3FB}.Debug|Any CPU.ActiveCfg = Debug|Any CPU
		{D6C9EC43-922C-423C-8F1E-31D9B04AA3FB}.Debug|Any CPU.Build.0 = Debug|Any CPU
		{D6C9EC43-922C-423C-8F1E-31D9B04AA3FB}.Release|Any CPU.ActiveCfg = Release|Any CPU
		{D6C9EC43-922C-423C-8F1E-31D9B04AA3FB}.Release|Any CPU.Build.0 = Release|Any CPU
	EndGlobalSection
	GlobalSection(SolutionProperties) = preSolution
		HideSolutionNode = FALSE
	EndGlobalSection
	GlobalSection(ExtensibilityGlobals) = postSolution
		SolutionGuid = {90278CC7-2D0D-4128-980F-93556146AFF1}
	EndGlobalSection
EndGlobal
